
Microsoft Visual Studio Solution File, Format Version 12.00
# Visual Studio Version 17
VisualStudioVersion = 17.10.35027.167
MinimumVisualStudioVersion = 10.0.40219.1
Project("{9A19103F-16F7-4668-BE54-9A1E7A4F7556}") = "QM_SimpleDataLoader", "QM_SimpleDataLoader.csproj", "{BC7CA7B1-97E8-4DC3-BB79-1D5102E0C42D}"
EndProject
Global
	GlobalSection(SolutionConfigurationPlatforms) = preSolution
		Debug|Any CPU = Debug|Any CPU
		Release|Any CPU = Release|Any CPU
	EndGlobalSection
	GlobalSection(ProjectConfigurationPlatforms) = postSolution
		{BC7CA7B1-97E8-4DC3-BB79-1D5102E0C42D}.Debug|Any CPU.ActiveCfg = Debug|Any CPU
		{BC7CA7B1-97E8-4DC3-BB79-1D5102E0C42D}.Debug|Any CPU.Build.0 = Debug|Any CPU
		{BC7CA7B1-97E8-4DC3-BB79-1D5102E0C42D}.Release|Any CPU.ActiveCfg = Release|Any CPU
		{BC7CA7B1-97E8-4DC3-BB79-1D5102E0C42D}.Release|Any CPU.Build.0 = Release|Any CPU
	EndGlobalSection
	GlobalSection(SolutionProperties) = preSolution
		HideSolutionNode = FALSE
	EndGlobalSection
	GlobalSection(ExtensibilityGlobals) = postSolution
		SolutionGuid = {33180598-2B09-4C03-A31D-C4E6A9C9947D}
	EndGlobalSection
EndGlobal
