
Microsoft Visual Studio Solution File, Format Version 12.00
# Visual Studio Version 17
VisualStudioVersion = 17.14.36414.22 d17.14
MinimumVisualStudioVersion = 10.0.40219.1
Project("{FAE04EC0-301F-11D3-BF4B-00C04F79EFBC}") = "SimpleDataLoader_Bootstrap", "SimpleDataLoader_Bootstrap.csproj", "{C184899C-2FCC-4370-90A9-DFCD11C87695}"
EndProject
Global
	GlobalSection(SolutionConfigurationPlatforms) = preSolution
		Debug|Any CPU = Debug|Any CPU
		Release|Any CPU = Release|Any CPU
	EndGlobalSection
	GlobalSection(ProjectConfigurationPlatforms) = postSolution
		{C184899C-2FCC-4370-90A9-DFCD11C87695}.Debug|Any CPU.ActiveCfg = Debug|Any CPU
		{C184899C-2FCC-4370-90A9-DFCD11C87695}.Debug|Any CPU.Build.0 = Debug|Any CPU
		{C184899C-2FCC-4370-90A9-DFCD11C87695}.Release|Any CPU.ActiveCfg = Release|Any CPU
		{C184899C-2FCC-4370-90A9-DFCD11C87695}.Release|Any CPU.Build.0 = Release|Any CPU
	EndGlobalSection
	GlobalSection(SolutionProperties) = preSolution
		HideSolutionNode = FALSE
	EndGlobalSection
	GlobalSection(ExtensibilityGlobals) = postSolution
		SolutionGuid = {597E310D-C1F2-473D-9608-606B10576EE5}
	EndGlobalSection
EndGlobal
